// !$*UTF8*$!
{
	archiveVersion = 1;
	classes = {
	};
	objectVersion = 50;
	objects = {

/* Begin PBXBuildFile section */
		B6E8A6FC271EF19200405D5F /* AppDelegate.swift in Sources */ = {isa = PBXBuildFile; fileRef = B6E8A6FB271EF19200405D5F /* AppDelegate.swift */; };
		B6E8A6FE271EF19200405D5F /* SceneDelegate.swift in Sources */ = {isa = PBXBuildFile; fileRef = B6E8A6FD271EF19200405D5F /* SceneDelegate.swift */; };
		B6E8A700271EF19200405D5F /* ViewController.swift in Sources */ = {isa = PBXBuildFile; fileRef = B6E8A6FF271EF19200405D5F /* ViewController.swift */; };
		B6E8A703271EF19200405D5F /* Main.storyboard in Resources */ = {isa = PBXBuildFile; fileRef = B6E8A701271EF19200405D5F /* Main.storyboard */; };
		B6E8A706271EF19200405D5F /* FavoriteMoviesList.xcdatamodeld in Sources */ = {isa = PBXBuildFile; fileRef = B6E8A704271EF19200405D5F /* FavoriteMoviesList.xcdatamodeld */; };
		B6E8A708271EF19300405D5F /* Assets.xcassets in Resources */ = {isa = PBXBuildFile; fileRef = B6E8A707271EF19300405D5F /* Assets.xcassets */; };
		B6E8A70B271EF19300405D5F /* LaunchScreen.storyboard in Resources */ = {isa = PBXBuildFile; fileRef = B6E8A709271EF19300405D5F /* LaunchScreen.storyboard */; };
		B6E8A713271EF52900405D5F /* Movie.swift in Sources */ = {isa = PBXBuildFile; fileRef = B6E8A712271EF52900405D5F /* Movie.swift */; };
		B6E8A715271EF5AF00405D5F /* SecondVC.swift in Sources */ = {isa = PBXBuildFile; fileRef = B6E8A714271EF5AF00405D5F /* SecondVC.swift */; };
/* End PBXBuildFile section */

/* Begin PBXFileReference section */
		B6E8A6F8271EF19200405D5F /* FavoriteMoviesList.app */ = {isa = PBXFileReference; explicitFileType = wrapper.application; includeInIndex = 0; path = FavoriteMoviesList.app; sourceTree = BUILT_PRODUCTS_DIR; };
		B6E8A6FB271EF19200405D5F /* AppDelegate.swift */ = {isa = PBXFileReference; lastKnownFileType = sourcecode.swift; path = AppDelegate.swift; sourceTree = "<group>"; };
		B6E8A6FD271EF19200405D5F /* SceneDelegate.swift */ = {isa = PBXFileReference; lastKnownFileType = sourcecode.swift; path = SceneDelegate.swift; sourceTree = "<group>"; };
		B6E8A6FF271EF19200405D5F /* ViewController.swift */ = {isa = PBXFileReference; lastKnownFileType = sourcecode.swift; path = ViewController.swift; sourceTree = "<group>"; };
		B6E8A702271EF19200405D5F /* Base */ = {isa = PBXFileReference; lastKnownFileType = file.storyboard; name = Base; path = Base.lproj/Main.storyboard; sourceTree = "<group>"; };
		B6E8A705271EF19200405D5F /* FavoriteMoviesList.xcdatamodel */ = {isa = PBXFileReference; lastKnownFileType = wrapper.xcdatamodel; path = FavoriteMoviesList.xcdatamodel; sourceTree = "<group>"; };
		B6E8A707271EF19300405D5F /* Assets.xcassets */ = {isa = PBXFileReference; lastKnownFileType = folder.assetcatalog; path = Assets.xcassets; sourceTree = "<group>"; };
		B6E8A70A271EF19300405D5F /* Base */ = {isa = PBXFileReference; lastKnownFileType = file.storyboard; name = Base; path = Base.lproj/LaunchScreen.storyboard; sourceTree = "<group>"; };
		B6E8A70C271EF19300405D5F /* Info.plist */ = {isa = PBXFileReference; lastKnownFileType = text.plist.xml; path = Info.plist; sourceTree = "<group>"; };
		B6E8A712271EF52900405D5F /* Movie.swift */ = {isa = PBXFileReference; lastKnownFileType = sourcecode.swift; path = Movie.swift; sourceTree = "<group>"; };
		B6E8A714271EF5AF00405D5F /* SecondVC.swift */ = {isa = PBXFileReference; lastKnownFileType = sourcecode.swift; path = SecondVC.swift; sourceTree = "<group>"; };
/* End PBXFileReference section */

/* Begin PBXFrameworksBuildPhase section */
		B6E8A6F5271EF19200405D5F /* Frameworks */ = {
			isa = PBXFrameworksBuildPhase;
			buildActionMask = 2147483647;
			files = (
			);
			runOnlyForDeploymentPostprocessing = 0;
		};
/* End PBXFrameworksBuildPhase section */

/* Begin PBXGroup section */
		B6E8A6EF271EF19200405D5F = {
			isa = PBXGroup;
			children = (
				B6E8A6FA271EF19200405D5F /* FavoriteMoviesList */,
				B6E8A6F9271EF19200405D5F /* Products */,
			);
			sourceTree = "<group>";
		};
		B6E8A6F9271EF19200405D5F /* Products */ = {
			isa = PBXGroup;
			children = (
				B6E8A6F8271EF19200405D5F /* FavoriteMoviesList.app */,
			);
			name = Products;
			sourceTree = "<group>";
		};
		B6E8A6FA271EF19200405D5F /* FavoriteMoviesList */ = {
			isa = PBXGroup;
			children = (
				B6E8A6FB271EF19200405D5F /* AppDelegate.swift */,
				B6E8A6FD271EF19200405D5F /* SceneDelegate.swift */,
				B6E8A6FF271EF19200405D5F /* ViewController.swift */,
				B6E8A712271EF52900405D5F /* Movie.swift */,
				B6E8A701271EF19200405D5F /* Main.storyboard */,
				B6E8A714271EF5AF00405D5F /* SecondVC.swift */,
				B6E8A707271EF19300405D5F /* Assets.xcassets */,
				B6E8A709271EF19300405D5F /* LaunchScreen.storyboard */,
				B6E8A70C271EF19300405D5F /* Info.plist */,
				B6E8A704271EF19200405D5F /* FavoriteMoviesList.xcdatamodeld */,
			);
			path = FavoriteMoviesList;
			sourceTree = "<group>";
		};
/* End PBXGroup section */

/* Begin PBXNativeTarget section */
		B6E8A6F7271EF19200405D5F /* FavoriteMoviesList */ = {
			isa = PBXNativeTarget;
			buildConfigurationList = B6E8A70F271EF19300405D5F /* Build configuration list for PBXNativeTarget "FavoriteMoviesList" */;
			buildPhases = (
				B6E8A6F4271EF19200405D5F /* Sources */,
				B6E8A6F5271EF19200405D5F /* Frameworks */,
				B6E8A6F6271EF19200405D5F /* Resources */,
			);
			buildRules = (
			);
			dependencies = (
			);
			name = FavoriteMoviesList;
			productName = FavoriteMoviesList;
			productReference = B6E8A6F8271EF19200405D5F /* FavoriteMoviesList.app */;
			productType = "com.apple.product-type.application";
		};
/* End PBXNativeTarget section */

/* Begin PBXProject section */
		B6E8A6F0271EF19200405D5F /* Project object */ = {
			isa = PBXProject;
			attributes = {
				LastSwiftUpdateCheck = 1250;
				LastUpgradeCheck = 1250;
				TargetAttributes = {
					B6E8A6F7271EF19200405D5F = {
						CreatedOnToolsVersion = 12.5.1;
					};
				};
			};
			buildConfigurationList = B6E8A6F3271EF19200405D5F /* Build configuration list for PBXProject "FavoriteMoviesList" */;
			compatibilityVersion = "Xcode 9.3";
			developmentRegion = en;
			hasScannedForEncodings = 0;
			knownRegions = (
				en,
				Base,
			);
			mainGroup = B6E8A6EF271EF19200405D5F;
			productRefGroup = B6E8A6F9271EF19200405D5F /* Products */;
			projectDirPath = "";
			projectRoot = "";
			targets = (
				B6E8A6F7271EF19200405D5F /* FavoriteMoviesList */,
			);
		};
/* End PBXProject section */

/* Begin PBXResourcesBuildPhase section */
		B6E8A6F6271EF19200405D5F /* Resources */ = {
			isa = PBXResourcesBuildPhase;
			buildActionMask = 2147483647;
			files = (
				B6E8A70B271EF19300405D5F /* LaunchScreen.storyboard in Resources */,
				B6E8A708271EF19300405D5F /* Assets.xcassets in Resources */,
				B6E8A703271EF19200405D5F /* Main.storyboard in Resources */,
			);
			runOnlyForDeploymentPostprocessing = 0;
		};
/* End PBXResourcesBuildPhase section */

/* Begin PBXSourcesBuildPhase section */
		B6E8A6F4271EF19200405D5F /* Sources */ = {
			isa = PBXSourcesBuildPhase;
			buildActionMask = 2147483647;
			files = (
				B6E8A700271EF19200405D5F /* ViewController.swift in Sources */,
				B6E8A6FC271EF19200405D5F /* AppDelegate.swift in Sources */,
				B6E8A706271EF19200405D5F /* FavoriteMoviesList.xcdatamodeld in Sources */,
				B6E8A6FE271EF19200405D5F /* SceneDelegate.swift in Sources */,
				B6E8A715271EF5AF00405D5F /* SecondVC.swift in Sources */,
				B6E8A713271EF52900405D5F /* Movie.swift in Sources */,
			);
			runOnlyForDeploymentPostprocessing = 0;
		};
/* End PBXSourcesBuildPhase section */

/* Begin PBXVariantGroup section */
		B6E8A701271EF19200405D5F /* Main.storyboard */ = {
			isa = PBXVariantGroup;
			children = (
				B6E8A702271EF19200405D5F /* Base */,
			);
			name = Main.storyboard;
			sourceTree = "<group>";
		};
		B6E8A709271EF19300405D5F /* LaunchScreen.storyboard */ = {
			isa = PBXVariantGroup;
			children = (
				B6E8A70A271EF19300405D5F /* Base */,
			);
			name = LaunchScreen.storyboard;
			sourceTree = "<group>";
		};
/* End PBXVariantGroup section */

/* Begin XCBuildConfiguration section */
		B6E8A70D271EF19300405D5F /* Debug */ = {
			isa = XCBuildConfiguration;
			buildSettings = {
				ALWAYS_SEARCH_USER_PATHS = NO;
				CLANG_ANALYZER_NONNULL = YES;
				CLANG_ANALYZER_NUMBER_OBJECT_CONVERSION = YES_AGGRESSIVE;
				CLANG_CXX_LANGUAGE_STANDARD = "gnu++14";
				CLANG_CXX_LIBRARY = "libc++";
				CLANG_ENABLE_MODULES = YES;
				CLANG_ENABLE_OBJC_ARC = YES;
				CLANG_ENABLE_OBJC_WEAK = YES;
				CLANG_WARN_BLOCK_CAPTURE_AUTORELEASING = YES;
				CLANG_WARN_BOOL_CONVERSION = YES;
				CLANG_WARN_COMMA = YES;
				CLANG_WARN_CONSTANT_CONVERSION = YES;
				CLANG_WARN_DEPRECATED_OBJC_IMPLEMENTATIONS = YES;
				CLANG_WARN_DIRECT_OBJC_ISA_USAGE = YES_ERROR;
				CLANG_WARN_DOCUMENTATION_COMMENTS = YES;
				CLANG_WARN_EMPTY_BODY = YES;
				CLANG_WARN_ENUM_CONVERSION = YES;
				CLANG_WARN_INFINITE_RECURSION = YES;
				CLANG_WARN_INT_CONVERSION = YES;
				CLANG_WARN_NON_LITERAL_NULL_CONVERSION = YES;
				CLANG_WARN_OBJC_IMPLICIT_RETAIN_SELF = YES;
				CLANG_WARN_OBJC_LITERAL_CONVERSION = YES;
				CLANG_WARN_OBJC_ROOT_CLASS = YES_ERROR;
				CLANG_WARN_QUOTED_INCLUDE_IN_FRAMEWORK_HEADER = YES;
				CLANG_WARN_RANGE_LOOP_ANALYSIS = YES;
				CLANG_WARN_STRICT_PROTOTYPES = YES;
				CLANG_WARN_SUSPICIOUS_MOVE = YES;
				CLANG_WARN_UNGUARDED_AVAILABILITY = YES_AGGRESSIVE;
				CLANG_WARN_UNREACHABLE_CODE = YES;
				CLANG_WARN__DUPLICATE_METHOD_MATCH = YES;
				COPY_PHASE_STRIP = NO;
				DEBUG_INFORMATION_FORMAT = dwarf;
				ENABLE_STRICT_OBJC_MSGSEND = YES;
				ENABLE_TESTABILITY = YES;
				GCC_C_LANGUAGE_STANDARD = gnu11;
				GCC_DYNAMIC_NO_PIC = NO;
				GCC_NO_COMMON_BLOCKS = YES;
				GCC_OPTIMIZATION_LEVEL = 0;
				GCC_PREPROCESSOR_DEFINITIONS = (
					"DEBUG=1",
					"$(inherited)",
				);
				GCC_WARN_64_TO_32_BIT_CONVERSION = YES;
				GCC_WARN_ABOUT_RETURN_TYPE = YES_ERROR;
				GCC_WARN_UNDECLARED_SELECTOR = YES;
				GCC_WARN_UNINITIALIZED_AUTOS = YES_AGGRESSIVE;
				GCC_WARN_UNUSED_FUNCTION = YES;
				GCC_WARN_UNUSED_VARIABLE = YES;
				IPHONEOS_DEPLOYMENT_TARGET = 14.5;
				MTL_ENABLE_DEBUG_INFO = INCLUDE_SOURCE;
				MTL_FAST_MATH = YES;
				ONLY_ACTIVE_ARCH = YES;
				SDKROOT = iphoneos;
				SWIFT_ACTIVE_COMPILATION_CONDITIONS = DEBUG;
				SWIFT_OPTIMIZATION_LEVEL = "-Onone";
			};
			name = Debug;
		};
		B6E8A70E271EF19300405D5F /* Release */ = {
			isa = XCBuildConfiguration;
			buildSettings = {
				ALWAYS_SEARCH_USER_PATHS = NO;
				CLANG_ANALYZER_NONNULL = YES;
				CLANG_ANALYZER_NUMBER_OBJECT_CONVERSION = YES_AGGRESSIVE;
				CLANG_CXX_LANGUAGE_STANDARD = "gnu++14";
				CLANG_CXX_LIBRARY = "libc++";
				CLANG_ENABLE_MODULES = YES;
				CLANG_ENABLE_OBJC_ARC = YES;
				CLANG_ENABLE_OBJC_WEAK = YES;
				CLANG_WARN_BLOCK_CAPTURE_AUTORELEASING = YES;
				CLANG_WARN_BOOL_CONVERSION = YES;
				CLANG_WARN_COMMA = YES;
				CLANG_WARN_CONSTANT_CONVERSION = YES;
				CLANG_WARN_DEPRECATED_OBJC_IMPLEMENTATIONS = YES;
				CLANG_WARN_DIRECT_OBJC_ISA_USAGE = YES_ERROR;
				CLANG_WARN_DOCUMENTATION_COMMENTS = YES;
				CLANG_WARN_EMPTY_BODY = YES;
				CLANG_WARN_ENUM_CONVERSION = YES;
				CLANG_WARN_INFINITE_RECURSION = YES;
				CLANG_WARN_INT_CONVERSION = YES;
				CLANG_WARN_NON_LITERAL_NULL_CONVERSION = YES;
				CLANG_WARN_OBJC_IMPLICIT_RETAIN_SELF = YES;
				CLANG_WARN_OBJC_LITERAL_CONVERSION = YES;
				CLANG_WARN_OBJC_ROOT_CLASS = YES_ERROR;
				CLANG_WARN_QUOTED_INCLUDE_IN_FRAMEWORK_HEADER = YES;
				CLANG_WARN_RANGE_LOOP_ANALYSIS = YES;
				CLANG_WARN_STRICT_PROTOTYPES = YES;
				CLANG_WARN_SUSPICIOUS_MOVE = YES;
				CLANG_WARN_UNGUARDED_AVAILABILITY = YES_AGGRESSIVE;
				CLANG_WARN_UNREACHABLE_CODE = YES;
				CLANG_WARN__DUPLICATE_METHOD_MATCH = YES;
				COPY_PHASE_STRIP = NO;
				DEBUG_INFORMATION_FORMAT = "dwarf-with-dsym";
				ENABLE_NS_ASSERTIONS = NO;
				ENABLE_STRICT_OBJC_MSGSEND = YES;
				GCC_C_LANGUAGE_STANDARD = gnu11;
				GCC_NO_COMMON_BLOCKS = YES;
				GCC_WARN_64_TO_32_BIT_CONVERSION = YES;
				GCC_WARN_ABOUT_RETURN_TYPE = YES_ERROR;
				GCC_WARN_UNDECLARED_SELECTOR = YES;
				GCC_WARN_UNINITIALIZED_AUTOS = YES_AGGRESSIVE;
				GCC_WARN_UNUSED_FUNCTION = YES;
				GCC_WARN_UNUSED_VARIABLE = YES;
				IPHONEOS_DEPLOYMENT_TARGET = 14.5;
				MTL_ENABLE_DEBUG_INFO = NO;
				MTL_FAST_MATH = YES;
				SDKROOT = iphoneos;
				SWIFT_COMPILATION_MODE = wholemodule;
				SWIFT_OPTIMIZATION_LEVEL = "-O";
				VALIDATE_PRODUCT = YES;
			};
			name = Release;
		};
		B6E8A710271EF19300405D5F /* Debug */ = {
			isa = XCBuildConfiguration;
			buildSettings = {
				ASSETCATALOG_COMPILER_APPICON_NAME = AppIcon;
				ASSETCATALOG_COMPILER_GLOBAL_ACCENT_COLOR_NAME = AccentColor;
				CODE_SIGN_STYLE = Automatic;
				DEVELOPMENT_TEAM = PVK3WGSZ4A;
				INFOPLIST_FILE = FavoriteMoviesList/Info.plist;
				LD_RUNPATH_SEARCH_PATHS = (
					"$(inherited)",
					"@executable_path/Frameworks",
				);
				PRODUCT_BUNDLE_IDENTIFIER = CLC.FavoriteMoviesList;
				PRODUCT_NAME = "$(TARGET_NAME)";
				SWIFT_VERSION = 5.0;
				TARGETED_DEVICE_FAMILY = "1,2";
			};
			name = Debug;
		};
		B6E8A711271EF19300405D5F /* Release */ = {
			isa = XCBuildConfiguration;
			buildSettings = {
				ASSETCATALOG_COMPILER_APPICON_NAME = AppIcon;
				ASSETCATALOG_COMPILER_GLOBAL_ACCENT_COLOR_NAME = AccentColor;
				CODE_SIGN_STYLE = Automatic;
				DEVELOPMENT_TEAM = PVK3WGSZ4A;
				INFOPLIST_FILE = FavoriteMoviesList/Info.plist;
				LD_RUNPATH_SEARCH_PATHS = (
					"$(inherited)",
					"@executable_path/Frameworks",
				);
				PRODUCT_BUNDLE_IDENTIFIER = CLC.FavoriteMoviesList;
				PRODUCT_NAME = "$(TARGET_NAME)";
				SWIFT_VERSION = 5.0;
				TARGETED_DEVICE_FAMILY = "1,2";
			};
			name = Release;
		};
/* End XCBuildConfiguration section */

/* Begin XCConfigurationList section */
		B6E8A6F3271EF19200405D5F /* Build configuration list for PBXProject "FavoriteMoviesList" */ = {
			isa = XCConfigurationList;
			buildConfigurations = (
				B6E8A70D271EF19300405D5F /* Debug */,
				B6E8A70E271EF19300405D5F /* Release */,
			);
			defaultConfigurationIsVisible = 0;
			defaultConfigurationName = Release;
		};
		B6E8A70F271EF19300405D5F /* Build configuration list for PBXNativeTarget "FavoriteMoviesList" */ = {
			isa = XCConfigurationList;
			buildConfigurations = (
				B6E8A710271EF19300405D5F /* Debug */,
				B6E8A711271EF19300405D5F /* Release */,
			);
			defaultConfigurationIsVisible = 0;
			defaultConfigurationName = Release;
		};
/* End XCConfigurationList section */

/* Begin XCVersionGroup section */
		B6E8A704271EF19200405D5F /* FavoriteMoviesList.xcdatamodeld */ = {
			isa = XCVersionGroup;
			children = (
				B6E8A705271EF19200405D5F /* FavoriteMoviesList.xcdatamodel */,
			);
			currentVersion = B6E8A705271EF19200405D5F /* FavoriteMoviesList.xcdatamodel */;
			path = FavoriteMoviesList.xcdatamodeld;
			sourceTree = "<group>";
			versionGroupType = wrapper.xcdatamodel;
		};
/* End XCVersionGroup section */
	};
	rootObject = B6E8A6F0271EF19200405D5F /* Project object */;
}
